
Microsoft Visual Studio Solution File, Format Version 12.00
# Visual Studio 15
VisualStudioVersion = 15.0.27703.2035
MinimumVisualStudioVersion = 10.0.40219.1
Project("{8BC9CEB8-8B4A-11D0-8D11-00A0C91BC942}") = "二分查找1.2", "二分查找1.2\二分查找1.2.vcxproj", "{976126B9-26E0-4DB4-9BC2-96754358E4F4}"
EndProject
Project("{8BC9CEB8-8B4A-11D0-8D11-00A0C91BC942}") = "二分查找1.1", "二分查找1.1\二分查找1.1.vcxproj", "{0EBECB7F-99F1-4C01-A54F-AEE952BC26CE}"
EndProject
Project("{8BC9CEB8-8B4A-11D0-8D11-00A0C91BC942}") = "测试二分查找1.2", "测试二分查找1.2\测试二分查找1.2.vcxproj", "{E5F80E08-CE85-4351-8328-FD60D79F38C7}"
EndProject
Project("{8BC9CEB8-8B4A-11D0-8D11-00A0C91BC942}") = "测试二分查找1.1", "测试二分查找1.1\测试二分查找1.1.vcxproj", "{7E69106D-7623-4713-BA46-9EDE0460E5A9}"
EndProject
Global
	GlobalSection(SolutionConfigurationPlatforms) = preSolution
		Debug|x64 = Debug|x64
		Debug|x86 = Debug|x86
		Release|x64 = Release|x64
		Release|x86 = Release|x86
	EndGlobalSection
	GlobalSection(ProjectConfigurationPlatforms) = postSolution
		{976126B9-26E0-4DB4-9BC2-96754358E4F4}.Debug|x64.ActiveCfg = Debug|x64
		{976126B9-26E0-4DB4-9BC2-96754358E4F4}.Debug|x64.Build.0 = Debug|x64
		{976126B9-26E0-4DB4-9BC2-96754358E4F4}.Debug|x86.ActiveCfg = Debug|Win32
		{976126B9-26E0-4DB4-9BC2-96754358E4F4}.Debug|x86.Build.0 = Debug|Win32
		{976126B9-26E0-4DB4-9BC2-96754358E4F4}.Release|x64.ActiveCfg = Release|x64
		{976126B9-26E0-4DB4-9BC2-96754358E4F4}.Release|x64.Build.0 = Release|x64
		{976126B9-26E0-4DB4-9BC2-96754358E4F4}.Release|x86.ActiveCfg = Release|Win32
		{976126B9-26E0-4DB4-9BC2-96754358E4F4}.Release|x86.Build.0 = Release|Win32
		{0EBECB7F-99F1-4C01-A54F-AEE952BC26CE}.Debug|x64.ActiveCfg = Debug|x64
		{0EBECB7F-99F1-4C01-A54F-AEE952BC26CE}.Debug|x64.Build.0 = Debug|x64
		{0EBECB7F-99F1-4C01-A54F-AEE952BC26CE}.Debug|x86.ActiveCfg = Debug|Win32
		{0EBECB7F-99F1-4C01-A54F-AEE952BC26CE}.Debug|x86.Build.0 = Debug|Win32
		{0EBECB7F-99F1-4C01-A54F-AEE952BC26CE}.Release|x64.ActiveCfg = Release|x64
		{0EBECB7F-99F1-4C01-A54F-AEE952BC26CE}.Release|x64.Build.0 = Release|x64
		{0EBECB7F-99F1-4C01-A54F-AEE952BC26CE}.Release|x86.ActiveCfg = Release|Win32
		{0EBECB7F-99F1-4C01-A54F-AEE952BC26CE}.Release|x86.Build.0 = Release|Win32
		{E5F80E08-CE85-4351-8328-FD60D79F38C7}.Debug|x64.ActiveCfg = Debug|x64
		{E5F80E08-CE85-4351-8328-FD60D79F38C7}.Debug|x64.Build.0 = Debug|x64
		{E5F80E08-CE85-4351-8328-FD60D79F38C7}.Debug|x86.ActiveCfg = Debug|Win32
		{E5F80E08-CE85-4351-8328-FD60D79F38C7}.Debug|x86.Build.0 = Debug|Win32
		{E5F80E08-CE85-4351-8328-FD60D79F38C7}.Release|x64.ActiveCfg = Release|x64
		{E5F80E08-CE85-4351-8328-FD60D79F38C7}.Release|x64.Build.0 = Release|x64
		{E5F80E08-CE85-4351-8328-FD60D79F38C7}.Release|x86.ActiveCfg = Release|Win32
		{E5F80E08-CE85-4351-8328-FD60D79F38C7}.Release|x86.Build.0 = Release|Win32
		{7E69106D-7623-4713-BA46-9EDE0460E5A9}.Debug|x64.ActiveCfg = Debug|x64
		{7E69106D-7623-4713-BA46-9EDE0460E5A9}.Debug|x64.Build.0 = Debug|x64
		{7E69106D-7623-4713-BA46-9EDE0460E5A9}.Debug|x86.ActiveCfg = Debug|Win32
		{7E69106D-7623-4713-BA46-9EDE0460E5A9}.Debug|x86.Build.0 = Debug|Win32
		{7E69106D-7623-4713-BA46-9EDE0460E5A9}.Release|x64.ActiveCfg = Release|x64
		{7E69106D-7623-4713-BA46-9EDE0460E5A9}.Release|x64.Build.0 = Release|x64
		{7E69106D-7623-4713-BA46-9EDE0460E5A9}.Release|x86.ActiveCfg = Release|Win32
		{7E69106D-7623-4713-BA46-9EDE0460E5A9}.Release|x86.Build.0 = Release|Win32
	EndGlobalSection
	GlobalSection(SolutionProperties) = preSolution
		HideSolutionNode = FALSE
	EndGlobalSection
	GlobalSection(ExtensibilityGlobals) = postSolution
		SolutionGuid = {46256D4B-C43B-43F2-8ECF-271FD67DD817}
	EndGlobalSection
EndGlobal
